Microsoft Visual Studio Solution File, Format Version 11.00
# Visual Studio 2008

Project("{AEEA6BC4-CFA0-6BB0-F2E8-A478B5F74665}") = "MH_CharacterController", "Assembly-CSharp.csproj", "{7B3FD5C9-5782-8334-E6D6-8AECFC48516A}"
EndProject
Project("{AEEA6BC4-CFA0-6BB0-F2E8-A478B5F74665}") = "MH_CharacterController", "Assembly-CSharp-Editor.csproj", "{6E6DCA01-C285-C151-A3C6-D42BCE76667F}"
EndProject
Global
	GlobalSection(SolutionConfigurationPlatforms) = preSolution
		Debug|Any CPU = Debug|Any CPU
		Release|Any CPU = Release|Any CPU
	EndGlobalSection
	GlobalSection(ProjectConfigurationPlatforms) = postSolution
		{7B3FD5C9-5782-8334-E6D6-8AECFC48516A}.Debug|Any CPU.ActiveCfg = Debug|Any CPU
		{7B3FD5C9-5782-8334-E6D6-8AECFC48516A}.Debug|Any CPU.Build.0 = Debug|Any CPU
		{7B3FD5C9-5782-8334-E6D6-8AECFC48516A}.Release|Any CPU.ActiveCfg = Release|Any CPU
		{7B3FD5C9-5782-8334-E6D6-8AECFC48516A}.Release|Any CPU.Build.0 = Release|Any CPU
		{6E6DCA01-C285-C151-A3C6-D42BCE76667F}.Debug|Any CPU.ActiveCfg = Debug|Any CPU
		{6E6DCA01-C285-C151-A3C6-D42BCE76667F}.Debug|Any CPU.Build.0 = Debug|Any CPU
		{6E6DCA01-C285-C151-A3C6-D42BCE76667F}.Release|Any CPU.ActiveCfg = Release|Any CPU
		{6E6DCA01-C285-C151-A3C6-D42BCE76667F}.Release|Any CPU.Build.0 = Release|Any CPU
	EndGlobalSection
	GlobalSection(SolutionProperties) = preSolution
		HideSolutionNode = FALSE
	EndGlobalSection
																												GlobalSection(MonoDevelopProperties) = preSolution
		StartupItem = Assembly-CSharp.csproj
		Policies = $0
		$0.TextStylePolicy = $1
		$1.inheritsSet = null
		$1.scope = text/x-csharp
		$0.CSharpFormattingPolicy = $2
		$2.inheritsSet = Mono
		$2.inheritsScope = text/x-csharp
		$2.scope = text/x-csharp
		$0.TextStylePolicy = $3
		$3.FileWidth = 120
		$3.TabWidth = 4
		$3.IndentWidth = 4
		$3.EolMarker = Unix
		$3.inheritsSet = Mono
		$3.inheritsScope = text/plain
		$3.scope = text/plain
	EndGlobalSection

EndGlobal
